// !$*UTF8*$!
{
	archiveVersion = 1;
	classes = {
	};
	objectVersion = 50;
	objects = {

/* Begin PBXBuildFile section */
		83886BC0246C625A0007B527 /* AppDelegate.swift in Sources */ = {isa = PBXBuildFile; fileRef = 83886BBF246C625A0007B527 /* AppDelegate.swift */; };
		83886BC2246C625A0007B527 /* SceneDelegate.swift in Sources */ = {isa = PBXBuildFile; fileRef = 83886BC1246C625A0007B527 /* SceneDelegate.swift */; };
		83886BC5246C625A0007B527 /* FriendFace.xcdatamodeld in Sources */ = {isa = PBXBuildFile; fileRef = 83886BC3246C625A0007B527 /* FriendFace.xcdatamodeld */; };
		83886BC7246C625A0007B527 /* ContentView.swift in Sources */ = {isa = PBXBuildFile; fileRef = 83886BC6246C625A0007B527 /* ContentView.swift */; };
		83886BC9246C625C0007B527 /* Assets.xcassets in Resources */ = {isa = PBXBuildFile; fileRef = 83886BC8246C625C0007B527 /* Assets.xcassets */; };
		83886BCC246C625C0007B527 /* Preview Assets.xcassets in Resources */ = {isa = PBXBuildFile; fileRef = 83886BCB246C625C0007B527 /* Preview Assets.xcassets */; };
		83886BCF246C625C0007B527 /* LaunchScreen.storyboard in Resources */ = {isa = PBXBuildFile; fileRef = 83886BCD246C625C0007B527 /* LaunchScreen.storyboard */; };
		83886BD7246C626C0007B527 /* friendface.json in Resources */ = {isa = PBXBuildFile; fileRef = 83886BD6246C626C0007B527 /* friendface.json */; };
		83886BD9246C65310007B527 /* User.swift in Sources */ = {isa = PBXBuildFile; fileRef = 83886BD8246C65310007B527 /* User.swift */; };
		83886BDB246C72E60007B527 /* Friend.swift in Sources */ = {isa = PBXBuildFile; fileRef = 83886BDA246C72E60007B527 /* Friend.swift */; };
		83886BDD246C72FC0007B527 /* Users.swift in Sources */ = {isa = PBXBuildFile; fileRef = 83886BDC246C72FC0007B527 /* Users.swift */; };
		83886BE1246E17870007B527 /* UserView.swift in Sources */ = {isa = PBXBuildFile; fileRef = 83886BE0246E17870007B527 /* UserView.swift */; };
/* End PBXBuildFile section */

/* Begin PBXFileReference section */
		83886BBC246C625A0007B527 /* FriendFace.app */ = {isa = PBXFileReference; explicitFileType = wrapper.application; includeInIndex = 0; path = FriendFace.app; sourceTree = BUILT_PRODUCTS_DIR; };
		83886BBF246C625A0007B527 /* AppDelegate.swift */ = {isa = PBXFileReference; lastKnownFileType = sourcecode.swift; path = AppDelegate.swift; sourceTree = "<group>"; };
		83886BC1246C625A0007B527 /* SceneDelegate.swift */ = {isa = PBXFileReference; lastKnownFileType = sourcecode.swift; path = SceneDelegate.swift; sourceTree = "<group>"; };
		83886BC4246C625A0007B527 /* FriendFace.xcdatamodel */ = {isa = PBXFileReference; lastKnownFileType = wrapper.xcdatamodel; path = FriendFace.xcdatamodel; sourceTree = "<group>"; };
		83886BC6246C625A0007B527 /* ContentView.swift */ = {isa = PBXFileReference; lastKnownFileType = sourcecode.swift; path = ContentView.swift; sourceTree = "<group>"; };
		83886BC8246C625C0007B527 /* Assets.xcassets */ = {isa = PBXFileReference; lastKnownFileType = folder.assetcatalog; path = Assets.xcassets; sourceTree = "<group>"; };
		83886BCB246C625C0007B527 /* Preview Assets.xcassets */ = {isa = PBXFileReference; lastKnownFileType = folder.assetcatalog; path = "Preview Assets.xcassets"; sourceTree = "<group>"; };
		83886BCE246C625C0007B527 /* Base */ = {isa = PBXFileReference; lastKnownFileType = file.storyboard; name = Base; path = Base.lproj/LaunchScreen.storyboard; sourceTree = "<group>"; };
		83886BD0246C625C0007B527 /* Info.plist */ = {isa = PBXFileReference; lastKnownFileType = text.plist.xml; path = Info.plist; sourceTree = "<group>"; };
		83886BD6246C626C0007B527 /* friendface.json */ = {isa = PBXFileReference; fileEncoding = 4; lastKnownFileType = text.json; path = friendface.json; sourceTree = "<group>"; };
		83886BD8246C65310007B527 /* User.swift */ = {isa = PBXFileReference; lastKnownFileType = sourcecode.swift; path = User.swift; sourceTree = "<group>"; };
		83886BDA246C72E60007B527 /* Friend.swift */ = {isa = PBXFileReference; lastKnownFileType = sourcecode.swift; path = Friend.swift; sourceTree = "<group>"; };
		83886BDC246C72FC0007B527 /* Users.swift */ = {isa = PBXFileReference; lastKnownFileType = sourcecode.swift; path = Users.swift; sourceTree = "<group>"; };
		83886BE0246E17870007B527 /* UserView.swift */ = {isa = PBXFileReference; lastKnownFileType = sourcecode.swift; path = UserView.swift; sourceTree = "<group>"; };
/* End PBXFileReference section */

/* Begin PBXFrameworksBuildPhase section */
		83886BB9246C625A0007B527 /* Frameworks */ = {
			isa = PBXFrameworksBuildPhase;
			buildActionMask = 2147483647;
			files = (
			);
			runOnlyForDeploymentPostprocessing = 0;
		};
/* End PBXFrameworksBuildPhase section */

/* Begin PBXGroup section */
		83886BB3246C625A0007B527 = {
			isa = PBXGroup;
			children = (
				83886BBE246C625A0007B527 /* FriendFace */,
				83886BBD246C625A0007B527 /* Products */,
			);
			sourceTree = "<group>";
		};
		83886BBD246C625A0007B527 /* Products */ = {
			isa = PBXGroup;
			children = (
				83886BBC246C625A0007B527 /* FriendFace.app */,
			);
			name = Products;
			sourceTree = "<group>";
		};
		83886BBE246C625A0007B527 /* FriendFace */ = {
			isa = PBXGroup;
			children = (
				83886BBF246C625A0007B527 /* AppDelegate.swift */,
				83886BC1246C625A0007B527 /* SceneDelegate.swift */,
				83886BC6246C625A0007B527 /* ContentView.swift */,
				83886BE0246E17870007B527 /* UserView.swift */,
				83886BD6246C626C0007B527 /* friendface.json */,
				83886BD8246C65310007B527 /* User.swift */,
				83886BDA246C72E60007B527 /* Friend.swift */,
				83886BDC246C72FC0007B527 /* Users.swift */,
				83886BC8246C625C0007B527 /* Assets.xcassets */,
				83886BCD246C625C0007B527 /* LaunchScreen.storyboard */,
				83886BD0246C625C0007B527 /* Info.plist */,
				83886BC3246C625A0007B527 /* FriendFace.xcdatamodeld */,
				83886BCA246C625C0007B527 /* Preview Content */,
			);
			path = FriendFace;
			sourceTree = "<group>";
		};
		83886BCA246C625C0007B527 /* Preview Content */ = {
			isa = PBXGroup;
			children = (
				83886BCB246C625C0007B527 /* Preview Assets.xcassets */,
			);
			path = "Preview Content";
			sourceTree = "<group>";
		};
/* End PBXGroup section */

/* Begin PBXNativeTarget section */
		83886BBB246C625A0007B527 /* FriendFace */ = {
			isa = PBXNativeTarget;
			buildConfigurationList = 83886BD3246C625C0007B527 /* Build configuration list for PBXNativeTarget "FriendFace" */;
			buildPhases = (
				83886BB8246C625A0007B527 /* Sources */,
				83886BB9246C625A0007B527 /* Frameworks */,
				83886BBA246C625A0007B527 /* Resources */,
			);
			buildRules = (
			);
			dependencies = (
			);
			name = FriendFace;
			productName = FriendFace;
			productReference = 83886BBC246C625A0007B527 /* FriendFace.app */;
			productType = "com.apple.product-type.application";
		};
/* End PBXNativeTarget section */

/* Begin PBXProject section */
		83886BB4246C625A0007B527 /* Project object */ = {
			isa = PBXProject;
			attributes = {
				LastSwiftUpdateCheck = 1140;
				LastUpgradeCheck = 1140;
				ORGANIZATIONNAME = "Christopher Walter";
				TargetAttributes = {
					83886BBB246C625A0007B527 = {
						CreatedOnToolsVersion = 11.4.1;
					};
				};
			};
			buildConfigurationList = 83886BB7246C625A0007B527 /* Build configuration list for PBXProject "FriendFace" */;
			compatibilityVersion = "Xcode 9.3";
			developmentRegion = en;
			hasScannedForEncodings = 0;
			knownRegions = (
				en,
				Base,
			);
			mainGroup = 83886BB3246C625A0007B527;
			productRefGroup = 83886BBD246C625A0007B527 /* Products */;
			projectDirPath = "";
			projectRoot = "";
			targets = (
				83886BBB246C625A0007B527 /* FriendFace */,
			);
		};
/* End PBXProject section */

/* Begin PBXResourcesBuildPhase section */
		83886BBA246C625A0007B527 /* Resources */ = {
			isa = PBXResourcesBuildPhase;
			buildActionMask = 2147483647;
			files = (
				83886BCF246C625C0007B527 /* LaunchScreen.storyboard in Resources */,
				83886BCC246C625C0007B527 /* Preview Assets.xcassets in Resources */,
				83886BD7246C626C0007B527 /* friendface.json in Resources */,
				83886BC9246C625C0007B527 /* Assets.xcassets in Resources */,
			);
			runOnlyForDeploymentPostprocessing = 0;
		};
/* End PBXResourcesBuildPhase section */

/* Begin PBXSourcesBuildPhase section */
		83886BB8246C625A0007B527 /* Sources */ = {
			isa = PBXSourcesBuildPhase;
			buildActionMask = 2147483647;
			files = (
				83886BC5246C625A0007B527 /* FriendFace.xcdatamodeld in Sources */,
				83886BC0246C625A0007B527 /* AppDelegate.swift in Sources */,
				83886BC7246C625A0007B527 /* ContentView.swift in Sources */,
				83886BE1246E17870007B527 /* UserView.swift in Sources */,
				83886BDB246C72E60007B527 /* Friend.swift in Sources */,
				83886BD9246C65310007B527 /* User.swift in Sources */,
				83886BC2246C625A0007B527 /* SceneDelegate.swift in Sources */,
				83886BDD246C72FC0007B527 /* Users.swift in Sources */,
			);
			runOnlyForDeploymentPostprocessing = 0;
		};
/* End PBXSourcesBuildPhase section */

/* Begin PBXVariantGroup section */
		83886BCD246C625C0007B527 /* LaunchScreen.storyboard */ = {
			isa = PBXVariantGroup;
			children = (
				83886BCE246C625C0007B527 /* Base */,
			);
			name = LaunchScreen.storyboard;
			sourceTree = "<group>";
		};
/* End PBXVariantGroup section */

/* Begin XCBuildConfiguration section */
		83886BD1246C625C0007B527 /* Debug */ = {
			isa = XCBuildConfiguration;
			buildSettings = {
				ALWAYS_SEARCH_USER_PATHS = NO;
				CLANG_ANALYZER_NONNULL = YES;
				CLANG_ANALYZER_NUMBER_OBJECT_CONVERSION = YES_AGGRESSIVE;
				CLANG_CXX_LANGUAGE_STANDARD = "gnu++14";
				CLANG_CXX_LIBRARY = "libc++";
				CLANG_ENABLE_MODULES = YES;
				CLANG_ENABLE_OBJC_ARC = YES;
				CLANG_ENABLE_OBJC_WEAK = YES;
				CLANG_WARN_BLOCK_CAPTURE_AUTORELEASING = YES;
				CLANG_WARN_BOOL_CONVERSION = YES;
				CLANG_WARN_COMMA = YES;
				CLANG_WARN_CONSTANT_CONVERSION = YES;
				CLANG_WARN_DEPRECATED_OBJC_IMPLEMENTATIONS = YES;
				CLANG_WARN_DIRECT_OBJC_ISA_USAGE = YES_ERROR;
				CLANG_WARN_DOCUMENTATION_COMMENTS = YES;
				CLANG_WARN_EMPTY_BODY = YES;
				CLANG_WARN_ENUM_CONVERSION = YES;
				CLANG_WARN_INFINITE_RECURSION = YES;
				CLANG_WARN_INT_CONVERSION = YES;
				CLANG_WARN_NON_LITERAL_NULL_CONVERSION = YES;
				CLANG_WARN_OBJC_IMPLICIT_RETAIN_SELF = YES;
				CLANG_WARN_OBJC_LITERAL_CONVERSION = YES;
				CLANG_WARN_OBJC_ROOT_CLASS = YES_ERROR;
				CLANG_WARN_RANGE_LOOP_ANALYSIS = YES;
				CLANG_WARN_STRICT_PROTOTYPES = YES;
				CLANG_WARN_SUSPICIOUS_MOVE = YES;
				CLANG_WARN_UNGUARDED_AVAILABILITY = YES_AGGRESSIVE;
				CLANG_WARN_UNREACHABLE_CODE = YES;
				CLANG_WARN__DUPLICATE_METHOD_MATCH = YES;
				COPY_PHASE_STRIP = NO;
				DEBUG_INFORMATION_FORMAT = dwarf;
				ENABLE_STRICT_OBJC_MSGSEND = YES;
				ENABLE_TESTABILITY = YES;
				GCC_C_LANGUAGE_STANDARD = gnu11;
				GCC_DYNAMIC_NO_PIC = NO;
				GCC_NO_COMMON_BLOCKS = YES;
				GCC_OPTIMIZATION_LEVEL = 0;
				GCC_PREPROCESSOR_DEFINITIONS = (
					"DEBUG=1",
					"$(inherited)",
				);
				GCC_WARN_64_TO_32_BIT_CONVERSION = YES;
				GCC_WARN_ABOUT_RETURN_TYPE = YES_ERROR;
				GCC_WARN_UNDECLARED_SELECTOR = YES;
				GCC_WARN_UNINITIALIZED_AUTOS = YES_AGGRESSIVE;
				GCC_WARN_UNUSED_FUNCTION = YES;
				GCC_WARN_UNUSED_VARIABLE = YES;
				IPHONEOS_DEPLOYMENT_TARGET = 13.4;
				MTL_ENABLE_DEBUG_INFO = INCLUDE_SOURCE;
				MTL_FAST_MATH = YES;
				ONLY_ACTIVE_ARCH = YES;
				SDKROOT = iphoneos;
				SWIFT_ACTIVE_COMPILATION_CONDITIONS = DEBUG;
				SWIFT_OPTIMIZATION_LEVEL = "-Onone";
			};
			name = Debug;
		};
		83886BD2246C625C0007B527 /* Release */ = {
			isa = XCBuildConfiguration;
			buildSettings = {
				ALWAYS_SEARCH_USER_PATHS = NO;
				CLANG_ANALYZER_NONNULL = YES;
				CLANG_ANALYZER_NUMBER_OBJECT_CONVERSION = YES_AGGRESSIVE;
				CLANG_CXX_LANGUAGE_STANDARD = "gnu++14";
				CLANG_CXX_LIBRARY = "libc++";
				CLANG_ENABLE_MODULES = YES;
				CLANG_ENABLE_OBJC_ARC = YES;
				CLANG_ENABLE_OBJC_WEAK = YES;
				CLANG_WARN_BLOCK_CAPTURE_AUTORELEASING = YES;
				CLANG_WARN_BOOL_CONVERSION = YES;
				CLANG_WARN_COMMA = YES;
				CLANG_WARN_CONSTANT_CONVERSION = YES;
				CLANG_WARN_DEPRECATED_OBJC_IMPLEMENTATIONS = YES;
				CLANG_WARN_DIRECT_OBJC_ISA_USAGE = YES_ERROR;
				CLANG_WARN_DOCUMENTATION_COMMENTS = YES;
				CLANG_WARN_EMPTY_BODY = YES;
				CLANG_WARN_ENUM_CONVERSION = YES;
				CLANG_WARN_INFINITE_RECURSION = YES;
				CLANG_WARN_INT_CONVERSION = YES;
				CLANG_WARN_NON_LITERAL_NULL_CONVERSION = YES;
				CLANG_WARN_OBJC_IMPLICIT_RETAIN_SELF = YES;
				CLANG_WARN_OBJC_LITERAL_CONVERSION = YES;
				CLANG_WARN_OBJC_ROOT_CLASS = YES_ERROR;
				CLANG_WARN_RANGE_LOOP_ANALYSIS = YES;
				CLANG_WARN_STRICT_PROTOTYPES = YES;
				CLANG_WARN_SUSPICIOUS_MOVE = YES;
				CLANG_WARN_UNGUARDED_AVAILABILITY = YES_AGGRESSIVE;
				CLANG_WARN_UNREACHABLE_CODE = YES;
				CLANG_WARN__DUPLICATE_METHOD_MATCH = YES;
				COPY_PHASE_STRIP = NO;
				DEBUG_INFORMATION_FORMAT = "dwarf-with-dsym";
				ENABLE_NS_ASSERTIONS = NO;
				ENABLE_STRICT_OBJC_MSGSEND = YES;
				GCC_C_LANGUAGE_STANDARD = gnu11;
				GCC_NO_COMMON_BLOCKS = YES;
				GCC_WARN_64_TO_32_BIT_CONVERSION = YES;
				GCC_WARN_ABOUT_RETURN_TYPE = YES_ERROR;
				GCC_WARN_UNDECLARED_SELECTOR = YES;
				GCC_WARN_UNINITIALIZED_AUTOS = YES_AGGRESSIVE;
				GCC_WARN_UNUSED_FUNCTION = YES;
				GCC_WARN_UNUSED_VARIABLE = YES;
				IPHONEOS_DEPLOYMENT_TARGET = 13.4;
				MTL_ENABLE_DEBUG_INFO = NO;
				MTL_FAST_MATH = YES;
				SDKROOT = iphoneos;
				SWIFT_COMPILATION_MODE = wholemodule;
				SWIFT_OPTIMIZATION_LEVEL = "-O";
				VALIDATE_PRODUCT = YES;
			};
			name = Release;
		};
		83886BD4246C625C0007B527 /* Debug */ = {
			isa = XCBuildConfiguration;
			buildSettings = {
				ASSETCATALOG_COMPILER_APPICON_NAME = AppIcon;
				CODE_SIGN_STYLE = Automatic;
				DEVELOPMENT_ASSET_PATHS = "\"FriendFace/Preview Content\"";
				DEVELOPMENT_TEAM = 84LWTY6T5F;
				ENABLE_PREVIEWS = YES;
				INFOPLIST_FILE = FriendFace/Info.plist;
				LD_RUNPATH_SEARCH_PATHS = (
					"$(inherited)",
					"@executable_path/Frameworks",
				);
				PRODUCT_BUNDLE_IDENTIFIER = com.DocsApps.FriendFace;
				PRODUCT_NAME = "$(TARGET_NAME)";
				SWIFT_VERSION = 5.0;
				TARGETED_DEVICE_FAMILY = "1,2";
			};
			name = Debug;
		};
		83886BD5246C625C0007B527 /* Release */ = {
			isa = XCBuildConfiguration;
			buildSettings = {
				ASSETCATALOG_COMPILER_APPICON_NAME = AppIcon;
				CODE_SIGN_STYLE = Automatic;
				DEVELOPMENT_ASSET_PATHS = "\"FriendFace/Preview Content\"";
				DEVELOPMENT_TEAM = 84LWTY6T5F;
				ENABLE_PREVIEWS = YES;
				INFOPLIST_FILE = FriendFace/Info.plist;
				LD_RUNPATH_SEARCH_PATHS = (
					"$(inherited)",
					"@executable_path/Frameworks",
				);
				PRODUCT_BUNDLE_IDENTIFIER = com.DocsApps.FriendFace;
				PRODUCT_NAME = "$(TARGET_NAME)";
				SWIFT_VERSION = 5.0;
				TARGETED_DEVICE_FAMILY = "1,2";
			};
			name = Release;
		};
/* End XCBuildConfiguration section */

/* Begin XCConfigurationList section */
		83886BB7246C625A0007B527 /* Build configuration list for PBXProject "FriendFace" */ = {
			isa = XCConfigurationList;
			buildConfigurations = (
				83886BD1246C625C0007B527 /* Debug */,
				83886BD2246C625C0007B527 /* Release */,
			);
			defaultConfigurationIsVisible = 0;
			defaultConfigurationName = Release;
		};
		83886BD3246C625C0007B527 /* Build configuration list for PBXNativeTarget "FriendFace" */ = {
			isa = XCConfigurationList;
			buildConfigurations = (
				83886BD4246C625C0007B527 /* Debug */,
				83886BD5246C625C0007B527 /* Release */,
			);
			defaultConfigurationIsVisible = 0;
			defaultConfigurationName = Release;
		};
/* End XCConfigurationList section */

/* Begin XCVersionGroup section */
		83886BC3246C625A0007B527 /* FriendFace.xcdatamodeld */ = {
			isa = XCVersionGroup;
			children = (
				83886BC4246C625A0007B527 /* FriendFace.xcdatamodel */,
			);
			currentVersion = 83886BC4246C625A0007B527 /* FriendFace.xcdatamodel */;
			path = FriendFace.xcdatamodeld;
			sourceTree = "<group>";
			versionGroupType = wrapper.xcdatamodel;
		};
/* End XCVersionGroup section */
	};
	rootObject = 83886BB4246C625A0007B527 /* Project object */;
}
